{
  "requires": true,
  "lockfileVersion": 1,
  "dependencies": {
    "coolui-scroller": {
      "version": "2.0.1",
      "resolved": "https://registry.npmjs.org/coolui-scroller/-/coolui-scroller-2.0.1.tgz",
      "integrity": "sha512-Vf9MnWH6LfBD3AfweL/AbfZJ5sSrgAGJZhI3994VuH/wSqUsw0W6USJZW2MzdDDpyiOmyNmE5/tKqG21nnXJZA=="
    },
    "miniprograms-navigation-bar": {
      "version": "2.0.2",
      "resolved": "https://registry.npm.taobao.org/miniprograms-navigation-bar/download/miniprograms-navigation-bar-2.0.2.tgz"
    }
  }
}
